// !$*UTF8*$!
{
	archiveVersion = 1;
	classes = {
	};
	objectVersion = 48;
	objects = {

/* Begin PBXBuildFile section */
		AEB4490C1F953DBF009A7D8B /* AppDelegate.swift in Sources */ = {isa = PBXBuildFile; fileRef = AEB4490B1F953DBF009A7D8B /* AppDelegate.swift */; };
		AEB4490E1F953DBF009A7D8B /* LoginViewController.swift in Sources */ = {isa = PBXBuildFile; fileRef = AEB4490D1F953DBF009A7D8B /* LoginViewController.swift */; };
		AEB449111F953DBF009A7D8B /* Login.storyboard in Resources */ = {isa = PBXBuildFile; fileRef = AEB4490F1F953DBF009A7D8B /* Login.storyboard */; };
		AEB449131F953DBF009A7D8B /* Assets.xcassets in Resources */ = {isa = PBXBuildFile; fileRef = AEB449121F953DBF009A7D8B /* Assets.xcassets */; };
		AEB449161F953DBF009A7D8B /* LaunchScreen.storyboard in Resources */ = {isa = PBXBuildFile; fileRef = AEB449141F953DBF009A7D8B /* LaunchScreen.storyboard */; };
		AEB449211F9540D4009A7D8B /* Style.swift in Sources */ = {isa = PBXBuildFile; fileRef = AEB449201F9540D4009A7D8B /* Style.swift */; };
		AEB449241F954455009A7D8B /* User.swift in Sources */ = {isa = PBXBuildFile; fileRef = AEB449231F954455009A7D8B /* User.swift */; };
		AEB449261F95445D009A7D8B /* Trip.swift in Sources */ = {isa = PBXBuildFile; fileRef = AEB449251F95445D009A7D8B /* Trip.swift */; };
		AEB4492C1F954756009A7D8B /* NetworkService.swift in Sources */ = {isa = PBXBuildFile; fileRef = AEB4492B1F954756009A7D8B /* NetworkService.swift */; };
		AEB4492F1F967E39009A7D8B /* UIViewController+Alert.swift in Sources */ = {isa = PBXBuildFile; fileRef = AEB4492E1F967E39009A7D8B /* UIViewController+Alert.swift */; };
/* End PBXBuildFile section */

/* Begin PBXFileReference section */
		AEB449081F953DBF009A7D8B /* Trip-Planner.app */ = {isa = PBXFileReference; explicitFileType = wrapper.application; includeInIndex = 0; path = "Trip-Planner.app"; sourceTree = BUILT_PRODUCTS_DIR; };
		AEB4490B1F953DBF009A7D8B /* AppDelegate.swift */ = {isa = PBXFileReference; lastKnownFileType = sourcecode.swift; path = AppDelegate.swift; sourceTree = "<group>"; };
		AEB4490D1F953DBF009A7D8B /* LoginViewController.swift */ = {isa = PBXFileReference; lastKnownFileType = sourcecode.swift; path = LoginViewController.swift; sourceTree = "<group>"; };
		AEB449101F953DBF009A7D8B /* Base */ = {isa = PBXFileReference; lastKnownFileType = file.storyboard; name = Base; path = Base.lproj/Login.storyboard; sourceTree = "<group>"; };
		AEB449121F953DBF009A7D8B /* Assets.xcassets */ = {isa = PBXFileReference; lastKnownFileType = folder.assetcatalog; path = Assets.xcassets; sourceTree = "<group>"; };
		AEB449151F953DBF009A7D8B /* Base */ = {isa = PBXFileReference; lastKnownFileType = file.storyboard; name = Base; path = Base.lproj/LaunchScreen.storyboard; sourceTree = "<group>"; };
		AEB449171F953DBF009A7D8B /* Info.plist */ = {isa = PBXFileReference; lastKnownFileType = text.plist.xml; path = Info.plist; sourceTree = "<group>"; };
		AEB449201F9540D4009A7D8B /* Style.swift */ = {isa = PBXFileReference; lastKnownFileType = sourcecode.swift; path = Style.swift; sourceTree = "<group>"; };
		AEB449231F954455009A7D8B /* User.swift */ = {isa = PBXFileReference; lastKnownFileType = sourcecode.swift; path = User.swift; sourceTree = "<group>"; };
		AEB449251F95445D009A7D8B /* Trip.swift */ = {isa = PBXFileReference; lastKnownFileType = sourcecode.swift; path = Trip.swift; sourceTree = "<group>"; };
		AEB4492B1F954756009A7D8B /* NetworkService.swift */ = {isa = PBXFileReference; lastKnownFileType = sourcecode.swift; path = NetworkService.swift; sourceTree = "<group>"; };
		AEB4492E1F967E39009A7D8B /* UIViewController+Alert.swift */ = {isa = PBXFileReference; lastKnownFileType = sourcecode.swift; path = "UIViewController+Alert.swift"; sourceTree = "<group>"; };
/* End PBXFileReference section */

/* Begin PBXFrameworksBuildPhase section */
		AEB449051F953DBF009A7D8B /* Frameworks */ = {
			isa = PBXFrameworksBuildPhase;
			buildActionMask = 2147483647;
			files = (
			);
			runOnlyForDeploymentPostprocessing = 0;
		};
/* End PBXFrameworksBuildPhase section */

/* Begin PBXGroup section */
		AEB448FF1F953DBF009A7D8B = {
			isa = PBXGroup;
			children = (
				AEB4490A1F953DBF009A7D8B /* Trip-Planner */,
				AEB449091F953DBF009A7D8B /* Products */,
			);
			sourceTree = "<group>";
		};
		AEB449091F953DBF009A7D8B /* Products */ = {
			isa = PBXGroup;
			children = (
				AEB449081F953DBF009A7D8B /* Trip-Planner.app */,
			);
			name = Products;
			sourceTree = "<group>";
		};
		AEB4490A1F953DBF009A7D8B /* Trip-Planner */ = {
			isa = PBXGroup;
			children = (
				AEB4492D1F967E2B009A7D8B /* Extensions */,
				AEB4492A1F95471C009A7D8B /* Services */,
				AEB449271F9546CA009A7D8B /* Helpers */,
				AEB449221F95444C009A7D8B /* Models */,
				AEB4491F1F953E6F009A7D8B /* Storyboards */,
				AEB4491E1F953E64009A7D8B /* View Controllers */,
				AEB4491D1F953E47009A7D8B /* Supporting Files */,
				AEB449121F953DBF009A7D8B /* Assets.xcassets */,
			);
			path = "Trip-Planner";
			sourceTree = "<group>";
		};
		AEB4491D1F953E47009A7D8B /* Supporting Files */ = {
			isa = PBXGroup;
			children = (
				AEB4490B1F953DBF009A7D8B /* AppDelegate.swift */,
				AEB449171F953DBF009A7D8B /* Info.plist */,
				AEB449141F953DBF009A7D8B /* LaunchScreen.storyboard */,
				AEB449201F9540D4009A7D8B /* Style.swift */,
			);
			path = "Supporting Files";
			sourceTree = "<group>";
		};
		AEB4491E1F953E64009A7D8B /* View Controllers */ = {
			isa = PBXGroup;
			children = (
				AEB4490D1F953DBF009A7D8B /* LoginViewController.swift */,
			);
			path = "View Controllers";
			sourceTree = "<group>";
		};
		AEB4491F1F953E6F009A7D8B /* Storyboards */ = {
			isa = PBXGroup;
			children = (
				AEB4490F1F953DBF009A7D8B /* Login.storyboard */,
			);
			path = Storyboards;
			sourceTree = "<group>";
		};
		AEB449221F95444C009A7D8B /* Models */ = {
			isa = PBXGroup;
			children = (
				AEB449231F954455009A7D8B /* User.swift */,
				AEB449251F95445D009A7D8B /* Trip.swift */,
			);
			path = Models;
			sourceTree = "<group>";
		};
		AEB449271F9546CA009A7D8B /* Helpers */ = {
			isa = PBXGroup;
			children = (
			);
			path = Helpers;
			sourceTree = "<group>";
		};
		AEB4492A1F95471C009A7D8B /* Services */ = {
			isa = PBXGroup;
			children = (
				AEB4492B1F954756009A7D8B /* NetworkService.swift */,
			);
			path = Services;
			sourceTree = "<group>";
		};
		AEB4492D1F967E2B009A7D8B /* Extensions */ = {
			isa = PBXGroup;
			children = (
				AEB4492E1F967E39009A7D8B /* UIViewController+Alert.swift */,
			);
			path = Extensions;
			sourceTree = "<group>";
		};
/* End PBXGroup section */

/* Begin PBXNativeTarget section */
		AEB449071F953DBF009A7D8B /* Trip-Planner */ = {
			isa = PBXNativeTarget;
			buildConfigurationList = AEB4491A1F953DBF009A7D8B /* Build configuration list for PBXNativeTarget "Trip-Planner" */;
			buildPhases = (
				AEB449041F953DBF009A7D8B /* Sources */,
				AEB449051F953DBF009A7D8B /* Frameworks */,
				AEB449061F953DBF009A7D8B /* Resources */,
			);
			buildRules = (
			);
			dependencies = (
			);
			name = "Trip-Planner";
			productName = "Trip-Planner";
			productReference = AEB449081F953DBF009A7D8B /* Trip-Planner.app */;
			productType = "com.apple.product-type.application";
		};
/* End PBXNativeTarget section */

/* Begin PBXProject section */
		AEB449001F953DBF009A7D8B /* Project object */ = {
			isa = PBXProject;
			attributes = {
				LastSwiftUpdateCheck = 0900;
				LastUpgradeCheck = 0900;
				ORGANIZATIONNAME = "Duncan MacDonald";
				TargetAttributes = {
					AEB449071F953DBF009A7D8B = {
						CreatedOnToolsVersion = 9.0;
						ProvisioningStyle = Automatic;
					};
				};
			};
			buildConfigurationList = AEB449031F953DBF009A7D8B /* Build configuration list for PBXProject "Trip-Planner" */;
			compatibilityVersion = "Xcode 8.0";
			developmentRegion = en;
			hasScannedForEncodings = 0;
			knownRegions = (
				en,
				Base,
			);
			mainGroup = AEB448FF1F953DBF009A7D8B;
			productRefGroup = AEB449091F953DBF009A7D8B /* Products */;
			projectDirPath = "";
			projectRoot = "";
			targets = (
				AEB449071F953DBF009A7D8B /* Trip-Planner */,
			);
		};
/* End PBXProject section */

/* Begin PBXResourcesBuildPhase section */
		AEB449061F953DBF009A7D8B /* Resources */ = {
			isa = PBXResourcesBuildPhase;
			buildActionMask = 2147483647;
			files = (
				AEB449161F953DBF009A7D8B /* LaunchScreen.storyboard in Resources */,
				AEB449131F953DBF009A7D8B /* Assets.xcassets in Resources */,
				AEB449111F953DBF009A7D8B /* Login.storyboard in Resources */,
			);
			runOnlyForDeploymentPostprocessing = 0;
		};
/* End PBXResourcesBuildPhase section */

/* Begin PBXSourcesBuildPhase section */
		AEB449041F953DBF009A7D8B /* Sources */ = {
			isa = PBXSourcesBuildPhase;
			buildActionMask = 2147483647;
			files = (
				AEB449261F95445D009A7D8B /* Trip.swift in Sources */,
				AEB4492C1F954756009A7D8B /* NetworkService.swift in Sources */,
				AEB449241F954455009A7D8B /* User.swift in Sources */,
				AEB4490E1F953DBF009A7D8B /* LoginViewController.swift in Sources */,
				AEB449211F9540D4009A7D8B /* Style.swift in Sources */,
				AEB4490C1F953DBF009A7D8B /* AppDelegate.swift in Sources */,
				AEB4492F1F967E39009A7D8B /* UIViewController+Alert.swift in Sources */,
			);
			runOnlyForDeploymentPostprocessing = 0;
		};
/* End PBXSourcesBuildPhase section */

/* Begin PBXVariantGroup section */
		AEB4490F1F953DBF009A7D8B /* Login.storyboard */ = {
			isa = PBXVariantGroup;
			children = (
				AEB449101F953DBF009A7D8B /* Base */,
			);
			name = Login.storyboard;
			sourceTree = "<group>";
		};
		AEB449141F953DBF009A7D8B /* LaunchScreen.storyboard */ = {
			isa = PBXVariantGroup;
			children = (
				AEB449151F953DBF009A7D8B /* Base */,
			);
			name = LaunchScreen.storyboard;
			sourceTree = "<group>";
		};
/* End PBXVariantGroup section */

/* Begin XCBuildConfiguration section */
		AEB449181F953DBF009A7D8B /* Debug */ = {
			isa = XCBuildConfiguration;
			buildSettings = {
				ALWAYS_SEARCH_USER_PATHS = NO;
				CLANG_ANALYZER_NONNULL = YES;
				CLANG_ANALYZER_NUMBER_OBJECT_CONVERSION = YES_AGGRESSIVE;
				CLANG_CXX_LANGUAGE_STANDARD = "gnu++14";
				CLANG_CXX_LIBRARY = "libc++";
				CLANG_ENABLE_MODULES = YES;
				CLANG_ENABLE_OBJC_ARC = YES;
				CLANG_WARN_BLOCK_CAPTURE_AUTORELEASING = YES;
				CLANG_WARN_BOOL_CONVERSION = YES;
				CLANG_WARN_COMMA = YES;
				CLANG_WARN_CONSTANT_CONVERSION = YES;
				CLANG_WARN_DIRECT_OBJC_ISA_USAGE = YES_ERROR;
				CLANG_WARN_DOCUMENTATION_COMMENTS = YES;
				CLANG_WARN_EMPTY_BODY = YES;
				CLANG_WARN_ENUM_CONVERSION = YES;
				CLANG_WARN_INFINITE_RECURSION = YES;
				CLANG_WARN_INT_CONVERSION = YES;
				CLANG_WARN_NON_LITERAL_NULL_CONVERSION = YES;
				CLANG_WARN_OBJC_LITERAL_CONVERSION = YES;
				CLANG_WARN_OBJC_ROOT_CLASS = YES_ERROR;
				CLANG_WARN_RANGE_LOOP_ANALYSIS = YES;
				CLANG_WARN_STRICT_PROTOTYPES = YES;
				CLANG_WARN_SUSPICIOUS_MOVE = YES;
				CLANG_WARN_UNGUARDED_AVAILABILITY = YES_AGGRESSIVE;
				CLANG_WARN_UNREACHABLE_CODE = YES;
				CLANG_WARN__DUPLICATE_METHOD_MATCH = YES;
				CODE_SIGN_IDENTITY = "iPhone Developer";
				COPY_PHASE_STRIP = NO;
				DEBUG_INFORMATION_FORMAT = dwarf;
				ENABLE_STRICT_OBJC_MSGSEND = YES;
				ENABLE_TESTABILITY = YES;
				GCC_C_LANGUAGE_STANDARD = gnu11;
				GCC_DYNAMIC_NO_PIC = NO;
				GCC_NO_COMMON_BLOCKS = YES;
				GCC_OPTIMIZATION_LEVEL = 0;
				GCC_PREPROCESSOR_DEFINITIONS = (
					"DEBUG=1",
					"$(inherited)",
				);
				GCC_WARN_64_TO_32_BIT_CONVERSION = YES;
				GCC_WARN_ABOUT_RETURN_TYPE = YES_ERROR;
				GCC_WARN_UNDECLARED_SELECTOR = YES;
				GCC_WARN_UNINITIALIZED_AUTOS = YES_AGGRESSIVE;
				GCC_WARN_UNUSED_FUNCTION = YES;
				GCC_WARN_UNUSED_VARIABLE = YES;
				IPHONEOS_DEPLOYMENT_TARGET = 11.0;
				MTL_ENABLE_DEBUG_INFO = YES;
				ONLY_ACTIVE_ARCH = YES;
				SDKROOT = iphoneos;
				SWIFT_ACTIVE_COMPILATION_CONDITIONS = DEBUG;
				SWIFT_OPTIMIZATION_LEVEL = "-Onone";
			};
			name = Debug;
		};
		AEB449191F953DBF009A7D8B /* Release */ = {
			isa = XCBuildConfiguration;
			buildSettings = {
				ALWAYS_SEARCH_USER_PATHS = NO;
				CLANG_ANALYZER_NONNULL = YES;
				CLANG_ANALYZER_NUMBER_OBJECT_CONVERSION = YES_AGGRESSIVE;
				CLANG_CXX_LANGUAGE_STANDARD = "gnu++14";
				CLANG_CXX_LIBRARY = "libc++";
				CLANG_ENABLE_MODULES = YES;
				CLANG_ENABLE_OBJC_ARC = YES;
				CLANG_WARN_BLOCK_CAPTURE_AUTORELEASING = YES;
				CLANG_WARN_BOOL_CONVERSION = YES;
				CLANG_WARN_COMMA = YES;
				CLANG_WARN_CONSTANT_CONVERSION = YES;
				CLANG_WARN_DIRECT_OBJC_ISA_USAGE = YES_ERROR;
				CLANG_WARN_DOCUMENTATION_COMMENTS = YES;
				CLANG_WARN_EMPTY_BODY = YES;
				CLANG_WARN_ENUM_CONVERSION = YES;
				CLANG_WARN_INFINITE_RECURSION = YES;
				CLANG_WARN_INT_CONVERSION = YES;
				CLANG_WARN_NON_LITERAL_NULL_CONVERSION = YES;
				CLANG_WARN_OBJC_LITERAL_CONVERSION = YES;
				CLANG_WARN_OBJC_ROOT_CLASS = YES_ERROR;
				CLANG_WARN_RANGE_LOOP_ANALYSIS = YES;
				CLANG_WARN_STRICT_PROTOTYPES = YES;
				CLANG_WARN_SUSPICIOUS_MOVE = YES;
				CLANG_WARN_UNGUARDED_AVAILABILITY = YES_AGGRESSIVE;
				CLANG_WARN_UNREACHABLE_CODE = YES;
				CLANG_WARN__DUPLICATE_METHOD_MATCH = YES;
				CODE_SIGN_IDENTITY = "iPhone Developer";
				COPY_PHASE_STRIP = NO;
				DEBUG_INFORMATION_FORMAT = "dwarf-with-dsym";
				ENABLE_NS_ASSERTIONS = NO;
				ENABLE_STRICT_OBJC_MSGSEND = YES;
				GCC_C_LANGUAGE_STANDARD = gnu11;
				GCC_NO_COMMON_BLOCKS = YES;
				GCC_WARN_64_TO_32_BIT_CONVERSION = YES;
				GCC_WARN_ABOUT_RETURN_TYPE = YES_ERROR;
				GCC_WARN_UNDECLARED_SELECTOR = YES;
				GCC_WARN_UNINITIALIZED_AUTOS = YES_AGGRESSIVE;
				GCC_WARN_UNUSED_FUNCTION = YES;
				GCC_WARN_UNUSED_VARIABLE = YES;
				IPHONEOS_DEPLOYMENT_TARGET = 11.0;
				MTL_ENABLE_DEBUG_INFO = NO;
				SDKROOT = iphoneos;
				SWIFT_OPTIMIZATION_LEVEL = "-Owholemodule";
				VALIDATE_PRODUCT = YES;
			};
			name = Release;
		};
		AEB4491B1F953DBF009A7D8B /* Debug */ = {
			isa = XCBuildConfiguration;
			buildSettings = {
				ASSETCATALOG_COMPILER_APPICON_NAME = AppIcon;
				CODE_SIGN_STYLE = Automatic;
				DEVELOPMENT_TEAM = P4PBGN25JV;
				INFOPLIST_FILE = "$(SRCROOT)/Trip-Planner/Supporting Files/Info.plist";
				LD_RUNPATH_SEARCH_PATHS = "$(inherited) @executable_path/Frameworks";
				PRODUCT_BUNDLE_IDENTIFIER = "us.duncanmacdonald.Trip-Planner";
				PRODUCT_NAME = "$(TARGET_NAME)";
				SWIFT_VERSION = 4.0;
				TARGETED_DEVICE_FAMILY = "1,2";
			};
			name = Debug;
		};
		AEB4491C1F953DBF009A7D8B /* Release */ = {
			isa = XCBuildConfiguration;
			buildSettings = {
				ASSETCATALOG_COMPILER_APPICON_NAME = AppIcon;
				CODE_SIGN_STYLE = Automatic;
				DEVELOPMENT_TEAM = P4PBGN25JV;
				INFOPLIST_FILE = "$(SRCROOT)/Trip-Planner/Supporting Files/Info.plist";
				LD_RUNPATH_SEARCH_PATHS = "$(inherited) @executable_path/Frameworks";
				PRODUCT_BUNDLE_IDENTIFIER = "us.duncanmacdonald.Trip-Planner";
				PRODUCT_NAME = "$(TARGET_NAME)";
				SWIFT_VERSION = 4.0;
				TARGETED_DEVICE_FAMILY = "1,2";
			};
			name = Release;
		};
/* End XCBuildConfiguration section */

/* Begin XCConfigurationList section */
		AEB449031F953DBF009A7D8B /* Build configuration list for PBXProject "Trip-Planner" */ = {
			isa = XCConfigurationList;
			buildConfigurations = (
				AEB449181F953DBF009A7D8B /* Debug */,
				AEB449191F953DBF009A7D8B /* Release */,
			);
			defaultConfigurationIsVisible = 0;
			defaultConfigurationName = Release;
		};
		AEB4491A1F953DBF009A7D8B /* Build configuration list for PBXNativeTarget "Trip-Planner" */ = {
			isa = XCConfigurationList;
			buildConfigurations = (
				AEB4491B1F953DBF009A7D8B /* Debug */,
				AEB4491C1F953DBF009A7D8B /* Release */,
			);
			defaultConfigurationIsVisible = 0;
			defaultConfigurationName = Release;
		};
/* End XCConfigurationList section */
	};
	rootObject = AEB449001F953DBF009A7D8B /* Project object */;
}
